
Microsoft Visual Studio Solution File, Format Version 12.00
# Visual Studio Version 16
VisualStudioVersion = 16.0.28922.388
MinimumVisualStudioVersion = 10.0.40219.1
Project("{FAE04EC0-301F-11D3-BF4B-00C04F79EFBC}") = "Estoque", "Estoque\Estoque.csproj", "{692A9850-DC74-4AF9-BD1B-A353D852113A}"
EndProject
Global
	GlobalSection(SolutionConfigurationPlatforms) = preSolution
		Debug|Any CPU = Debug|Any CPU
		Release|Any CPU = Release|Any CPU
	EndGlobalSection
	GlobalSection(ProjectConfigurationPlatforms) = postSolution
		{692A9850-DC74-4AF9-BD1B-A353D852113A}.Debug|Any CPU.ActiveCfg = Debug|Any CPU
		{692A9850-DC74-4AF9-BD1B-A353D852113A}.Debug|Any CPU.Build.0 = Debug|Any CPU
		{692A9850-DC74-4AF9-BD1B-A353D852113A}.Release|Any CPU.ActiveCfg = Release|Any CPU
		{692A9850-DC74-4AF9-BD1B-A353D852113A}.Release|Any CPU.Build.0 = Release|Any CPU
	EndGlobalSection
	GlobalSection(SolutionProperties) = preSolution
		HideSolutionNode = FALSE
	EndGlobalSection
	GlobalSection(ExtensibilityGlobals) = postSolution
		SolutionGuid = {D86957C7-1FA3-4E82-AD85-8CC6B8E18208}
	EndGlobalSection
EndGlobal
