
Microsoft Visual Studio Solution File, Format Version 12.00
# Visual Studio Version 16
VisualStudioVersion = 16.0.28922.388
MinimumVisualStudioVersion = 10.0.40219.1
Project("{FAE04EC0-301F-11D3-BF4B-00C04F79EFBC}") = "Estrutura For", "Estrutura For\Estrutura For.csproj", "{D4C4DB26-C31E-41DB-AFC4-AA30EDB1DFEE}"
EndProject
Global
	GlobalSection(SolutionConfigurationPlatforms) = preSolution
		Debug|Any CPU = Debug|Any CPU
		Release|Any CPU = Release|Any CPU
	EndGlobalSection
	GlobalSection(ProjectConfigurationPlatforms) = postSolution
		{D4C4DB26-C31E-41DB-AFC4-AA30EDB1DFEE}.Debug|Any CPU.ActiveCfg = Debug|Any CPU
		{D4C4DB26-C31E-41DB-AFC4-AA30EDB1DFEE}.Debug|Any CPU.Build.0 = Debug|Any CPU
		{D4C4DB26-C31E-41DB-AFC4-AA30EDB1DFEE}.Release|Any CPU.ActiveCfg = Release|Any CPU
		{D4C4DB26-C31E-41DB-AFC4-AA30EDB1DFEE}.Release|Any CPU.Build.0 = Release|Any CPU
	EndGlobalSection
	GlobalSection(SolutionProperties) = preSolution
		HideSolutionNode = FALSE
	EndGlobalSection
	GlobalSection(ExtensibilityGlobals) = postSolution
		SolutionGuid = {45D0CEAC-E20C-41A6-ABB2-C7427A38F81E}
	EndGlobalSection
EndGlobal
