
Microsoft Visual Studio Solution File, Format Version 12.00
# Visual Studio Version 16
VisualStudioVersion = 16.0.28922.388
MinimumVisualStudioVersion = 10.0.40219.1
Project("{FAE04EC0-301F-11D3-BF4B-00C04F79EFBC}") = "Modulo 6 - Proj 1", "Modulo 6 - Proj 1\Modulo 6 - Proj 1.csproj", "{EE482503-4E07-45DB-AEBC-A84E32C00646}"
EndProject
Global
	GlobalSection(SolutionConfigurationPlatforms) = preSolution
		Debug|Any CPU = Debug|Any CPU
		Release|Any CPU = Release|Any CPU
	EndGlobalSection
	GlobalSection(ProjectConfigurationPlatforms) = postSolution
		{EE482503-4E07-45DB-AEBC-A84E32C00646}.Debug|Any CPU.ActiveCfg = Debug|Any CPU
		{EE482503-4E07-45DB-AEBC-A84E32C00646}.Debug|Any CPU.Build.0 = Debug|Any CPU
		{EE482503-4E07-45DB-AEBC-A84E32C00646}.Release|Any CPU.ActiveCfg = Release|Any CPU
		{EE482503-4E07-45DB-AEBC-A84E32C00646}.Release|Any CPU.Build.0 = Release|Any CPU
	EndGlobalSection
	GlobalSection(SolutionProperties) = preSolution
		HideSolutionNode = FALSE
	EndGlobalSection
	GlobalSection(ExtensibilityGlobals) = postSolution
		SolutionGuid = {2610CEBB-9EB4-4769-A609-051CDBF77122}
	EndGlobalSection
EndGlobal
