
Microsoft Visual Studio Solution File, Format Version 12.00
# Visual Studio Version 16
VisualStudioVersion = 16.0.28922.388
MinimumVisualStudioVersion = 10.0.40219.1
Project("{FAE04EC0-301F-11D3-BF4B-00C04F79EFBC}") = "Secao 4 - Problema COM OO", "Secao 4 - Problema COM OO\Secao 4 - Problema COM OO.csproj", "{72D64676-A4F9-4312-A914-DCF06CA38274}"
EndProject
Global
	GlobalSection(SolutionConfigurationPlatforms) = preSolution
		Debug|Any CPU = Debug|Any CPU
		Release|Any CPU = Release|Any CPU
	EndGlobalSection
	GlobalSection(ProjectConfigurationPlatforms) = postSolution
		{72D64676-A4F9-4312-A914-DCF06CA38274}.Debug|Any CPU.ActiveCfg = Debug|Any CPU
		{72D64676-A4F9-4312-A914-DCF06CA38274}.Debug|Any CPU.Build.0 = Debug|Any CPU
		{72D64676-A4F9-4312-A914-DCF06CA38274}.Release|Any CPU.ActiveCfg = Release|Any CPU
		{72D64676-A4F9-4312-A914-DCF06CA38274}.Release|Any CPU.Build.0 = Release|Any CPU
	EndGlobalSection
	GlobalSection(SolutionProperties) = preSolution
		HideSolutionNode = FALSE
	EndGlobalSection
	GlobalSection(ExtensibilityGlobals) = postSolution
		SolutionGuid = {8D732F20-2386-43B5-8B9C-CA74222BD431}
	EndGlobalSection
EndGlobal
