
Microsoft Visual Studio Solution File, Format Version 12.00
# Visual Studio Version 16
VisualStudioVersion = 16.0.28922.388
MinimumVisualStudioVersion = 10.0.40219.1
Project("{FAE04EC0-301F-11D3-BF4B-00C04F79EFBC}") = "Funcoes", "Funcoes\Funcoes.csproj", "{C1D6C864-BEFA-4E27-B096-0CA099C2859A}"
EndProject
Global
	GlobalSection(SolutionConfigurationPlatforms) = preSolution
		Debug|Any CPU = Debug|Any CPU
		Release|Any CPU = Release|Any CPU
	EndGlobalSection
	GlobalSection(ProjectConfigurationPlatforms) = postSolution
		{C1D6C864-BEFA-4E27-B096-0CA099C2859A}.Debug|Any CPU.ActiveCfg = Debug|Any CPU
		{C1D6C864-BEFA-4E27-B096-0CA099C2859A}.Debug|Any CPU.Build.0 = Debug|Any CPU
		{C1D6C864-BEFA-4E27-B096-0CA099C2859A}.Release|Any CPU.ActiveCfg = Release|Any CPU
		{C1D6C864-BEFA-4E27-B096-0CA099C2859A}.Release|Any CPU.Build.0 = Release|Any CPU
	EndGlobalSection
	GlobalSection(SolutionProperties) = preSolution
		HideSolutionNode = FALSE
	EndGlobalSection
	GlobalSection(ExtensibilityGlobals) = postSolution
		SolutionGuid = {0042D2B3-A28F-46D6-954B-EFA77A6341FA}
	EndGlobalSection
EndGlobal
