
Microsoft Visual Studio Solution File, Format Version 12.00
# Visual Studio Version 16
VisualStudioVersion = 16.0.28922.388
MinimumVisualStudioVersion = 10.0.40219.1
Project("{FAE04EC0-301F-11D3-BF4B-00C04F79EFBC}") = "Entrada de dados 2", "Entrada de dados 2\Entrada de dados 2.csproj", "{ED97D413-9FF1-4B6B-AEB7-3C0FFB2E4372}"
EndProject
Global
	GlobalSection(SolutionConfigurationPlatforms) = preSolution
		Debug|Any CPU = Debug|Any CPU
		Release|Any CPU = Release|Any CPU
	EndGlobalSection
	GlobalSection(ProjectConfigurationPlatforms) = postSolution
		{ED97D413-9FF1-4B6B-AEB7-3C0FFB2E4372}.Debug|Any CPU.ActiveCfg = Debug|Any CPU
		{ED97D413-9FF1-4B6B-AEB7-3C0FFB2E4372}.Debug|Any CPU.Build.0 = Debug|Any CPU
		{ED97D413-9FF1-4B6B-AEB7-3C0FFB2E4372}.Release|Any CPU.ActiveCfg = Release|Any CPU
		{ED97D413-9FF1-4B6B-AEB7-3C0FFB2E4372}.Release|Any CPU.Build.0 = Release|Any CPU
	EndGlobalSection
	GlobalSection(SolutionProperties) = preSolution
		HideSolutionNode = FALSE
	EndGlobalSection
	GlobalSection(ExtensibilityGlobals) = postSolution
		SolutionGuid = {A05330BD-506C-48EC-91A1-15E213058F13}
	EndGlobalSection
EndGlobal
