
Microsoft Visual Studio Solution File, Format Version 12.00
# Visual Studio Version 16
VisualStudioVersion = 16.0.28922.388
MinimumVisualStudioVersion = 10.0.40219.1
Project("{FAE04EC0-301F-11D3-BF4B-00C04F79EFBC}") = "Secao 4 - Problema SEM OO", "Secao 4 - Problema SEM OO\Secao 4 - Problema SEM OO.csproj", "{C1BA2694-217E-4951-AAE7-A408FB07C124}"
EndProject
Global
	GlobalSection(SolutionConfigurationPlatforms) = preSolution
		Debug|Any CPU = Debug|Any CPU
		Release|Any CPU = Release|Any CPU
	EndGlobalSection
	GlobalSection(ProjectConfigurationPlatforms) = postSolution
		{C1BA2694-217E-4951-AAE7-A408FB07C124}.Debug|Any CPU.ActiveCfg = Debug|Any CPU
		{C1BA2694-217E-4951-AAE7-A408FB07C124}.Debug|Any CPU.Build.0 = Debug|Any CPU
		{C1BA2694-217E-4951-AAE7-A408FB07C124}.Release|Any CPU.ActiveCfg = Release|Any CPU
		{C1BA2694-217E-4951-AAE7-A408FB07C124}.Release|Any CPU.Build.0 = Release|Any CPU
	EndGlobalSection
	GlobalSection(SolutionProperties) = preSolution
		HideSolutionNode = FALSE
	EndGlobalSection
	GlobalSection(ExtensibilityGlobals) = postSolution
		SolutionGuid = {380CE1FF-807F-43A4-85D0-F8DDE4F7C561}
	EndGlobalSection
EndGlobal
